
Microsoft Visual Studio Solution File, Format Version 12.00
# Visual Studio Express 2012 for Windows Desktop
Project("{FAE04EC0-301F-11D3-BF4B-00C04F79EFBC}") = "Regexp", "Regexp\Regexp.csproj", "{DF0B7C2E-6AFA-4379-9D3C-563611000923}"
EndProject
Project("{FAE04EC0-301F-11D3-BF4B-00C04F79EFBC}") = "OOP", "OOP\OOP.csproj", "{B46F0C77-99EB-456D-99C6-F29FAA20AEAE}"
EndProject
Project("{FAE04EC0-301F-11D3-BF4B-00C04F79EFBC}") = "LINQ", "LINQ\LINQ.csproj", "{A6527083-344B-427D-B903-B9FA902D2DD7}"
EndProject
Project("{FAE04EC0-301F-11D3-BF4B-00C04F79EFBC}") = "GuessLetterGame", "GuessLetterGame\GuessLetterGame.csproj", "{8640D56E-D5C8-40A2-88AB-86A8889C0952}"
EndProject
Project("{FAE04EC0-301F-11D3-BF4B-00C04F79EFBC}") = "Basics", "Basics\Basics.csproj", "{2D9B8C0F-5C80-4584-A623-FB8CCE1543C3}"
EndProject
Project("{FAE04EC0-301F-11D3-BF4B-00C04F79EFBC}") = "Formatting", "Formatting\Formatting.csproj", "{14B864F3-6344-49F5-875F-0DACF3A3E1AB}"
EndProject
Project("{FAE04EC0-301F-11D3-BF4B-00C04F79EFBC}") = "StringBuilders", "StringBuilder\StringBuilders.csproj", "{D6385CC5-32DA-470F-A83A-644C92F37909}"
EndProject
Project("{FAE04EC0-301F-11D3-BF4B-00C04F79EFBC}") = "GuessLetterGameRefactored", "GuessLetterGameRefactored\GuessLetterGameRefactored.csproj", "{C9557DF9-96AA-4AB4-B385-8C9E8ABAEF96}"
EndProject
Project("{FAE04EC0-301F-11D3-BF4B-00C04F79EFBC}") = "Decimals", "Decimals\Decimals.csproj", "{42C719B9-44C0-41EA-9904-FD309DA54A82}"
EndProject
Project("{FAE04EC0-301F-11D3-BF4B-00C04F79EFBC}") = "CollectionsInitializers", "CollectionsInitializers\CollectionsInitializers.csproj", "{A40CD403-809F-4687-93D7-6E55200787DD}"
EndProject
Project("{FAE04EC0-301F-11D3-BF4B-00C04F79EFBC}") = "OOP.Tests", "OOP.Tests\OOP.Tests.csproj", "{74008AC3-D692-4660-8FB2-BF496BEC4453}"
EndProject
Global
	GlobalSection(SolutionConfigurationPlatforms) = preSolution
		Debug|Any CPU = Debug|Any CPU
		Release|Any CPU = Release|Any CPU
	EndGlobalSection
	GlobalSection(ProjectConfigurationPlatforms) = postSolution
		{DF0B7C2E-6AFA-4379-9D3C-563611000923}.Debug|Any CPU.ActiveCfg = Debug|Any CPU
		{DF0B7C2E-6AFA-4379-9D3C-563611000923}.Debug|Any CPU.Build.0 = Debug|Any CPU
		{DF0B7C2E-6AFA-4379-9D3C-563611000923}.Release|Any CPU.ActiveCfg = Release|Any CPU
		{DF0B7C2E-6AFA-4379-9D3C-563611000923}.Release|Any CPU.Build.0 = Release|Any CPU
		{B46F0C77-99EB-456D-99C6-F29FAA20AEAE}.Debug|Any CPU.ActiveCfg = Debug|Any CPU
		{B46F0C77-99EB-456D-99C6-F29FAA20AEAE}.Debug|Any CPU.Build.0 = Debug|Any CPU
		{B46F0C77-99EB-456D-99C6-F29FAA20AEAE}.Release|Any CPU.ActiveCfg = Release|Any CPU
		{B46F0C77-99EB-456D-99C6-F29FAA20AEAE}.Release|Any CPU.Build.0 = Release|Any CPU
		{A6527083-344B-427D-B903-B9FA902D2DD7}.Debug|Any CPU.ActiveCfg = Debug|Any CPU
		{A6527083-344B-427D-B903-B9FA902D2DD7}.Debug|Any CPU.Build.0 = Debug|Any CPU
		{A6527083-344B-427D-B903-B9FA902D2DD7}.Release|Any CPU.ActiveCfg = Release|Any CPU
		{A6527083-344B-427D-B903-B9FA902D2DD7}.Release|Any CPU.Build.0 = Release|Any CPU
		{8640D56E-D5C8-40A2-88AB-86A8889C0952}.Debug|Any CPU.ActiveCfg = Debug|Any CPU
		{8640D56E-D5C8-40A2-88AB-86A8889C0952}.Debug|Any CPU.Build.0 = Debug|Any CPU
		{8640D56E-D5C8-40A2-88AB-86A8889C0952}.Release|Any CPU.ActiveCfg = Release|Any CPU
		{8640D56E-D5C8-40A2-88AB-86A8889C0952}.Release|Any CPU.Build.0 = Release|Any CPU
		{2D9B8C0F-5C80-4584-A623-FB8CCE1543C3}.Debug|Any CPU.ActiveCfg = Debug|Any CPU
		{2D9B8C0F-5C80-4584-A623-FB8CCE1543C3}.Debug|Any CPU.Build.0 = Debug|Any CPU
		{2D9B8C0F-5C80-4584-A623-FB8CCE1543C3}.Release|Any CPU.ActiveCfg = Release|Any CPU
		{2D9B8C0F-5C80-4584-A623-FB8CCE1543C3}.Release|Any CPU.Build.0 = Release|Any CPU
		{14B864F3-6344-49F5-875F-0DACF3A3E1AB}.Debug|Any CPU.ActiveCfg = Debug|Any CPU
		{14B864F3-6344-49F5-875F-0DACF3A3E1AB}.Debug|Any CPU.Build.0 = Debug|Any CPU
		{14B864F3-6344-49F5-875F-0DACF3A3E1AB}.Release|Any CPU.ActiveCfg = Release|Any CPU
		{14B864F3-6344-49F5-875F-0DACF3A3E1AB}.Release|Any CPU.Build.0 = Release|Any CPU
		{D6385CC5-32DA-470F-A83A-644C92F37909}.Debug|Any CPU.ActiveCfg = Debug|Any CPU
		{D6385CC5-32DA-470F-A83A-644C92F37909}.Debug|Any CPU.Build.0 = Debug|Any CPU
		{D6385CC5-32DA-470F-A83A-644C92F37909}.Release|Any CPU.ActiveCfg = Release|Any CPU
		{D6385CC5-32DA-470F-A83A-644C92F37909}.Release|Any CPU.Build.0 = Release|Any CPU
		{C9557DF9-96AA-4AB4-B385-8C9E8ABAEF96}.Debug|Any CPU.ActiveCfg = Debug|Any CPU
		{C9557DF9-96AA-4AB4-B385-8C9E8ABAEF96}.Debug|Any CPU.Build.0 = Debug|Any CPU
		{C9557DF9-96AA-4AB4-B385-8C9E8ABAEF96}.Release|Any CPU.ActiveCfg = Release|Any CPU
		{C9557DF9-96AA-4AB4-B385-8C9E8ABAEF96}.Release|Any CPU.Build.0 = Release|Any CPU
		{42C719B9-44C0-41EA-9904-FD309DA54A82}.Debug|Any CPU.ActiveCfg = Debug|Any CPU
		{42C719B9-44C0-41EA-9904-FD309DA54A82}.Debug|Any CPU.Build.0 = Debug|Any CPU
		{42C719B9-44C0-41EA-9904-FD309DA54A82}.Release|Any CPU.ActiveCfg = Release|Any CPU
		{42C719B9-44C0-41EA-9904-FD309DA54A82}.Release|Any CPU.Build.0 = Release|Any CPU
		{A40CD403-809F-4687-93D7-6E55200787DD}.Debug|Any CPU.ActiveCfg = Debug|Any CPU
		{A40CD403-809F-4687-93D7-6E55200787DD}.Debug|Any CPU.Build.0 = Debug|Any CPU
		{A40CD403-809F-4687-93D7-6E55200787DD}.Release|Any CPU.ActiveCfg = Release|Any CPU
		{A40CD403-809F-4687-93D7-6E55200787DD}.Release|Any CPU.Build.0 = Release|Any CPU
		{74008AC3-D692-4660-8FB2-BF496BEC4453}.Debug|Any CPU.ActiveCfg = Debug|Any CPU
		{74008AC3-D692-4660-8FB2-BF496BEC4453}.Debug|Any CPU.Build.0 = Debug|Any CPU
		{74008AC3-D692-4660-8FB2-BF496BEC4453}.Release|Any CPU.ActiveCfg = Release|Any CPU
		{74008AC3-D692-4660-8FB2-BF496BEC4453}.Release|Any CPU.Build.0 = Release|Any CPU
	EndGlobalSection
	GlobalSection(SolutionProperties) = preSolution
		HideSolutionNode = FALSE
	EndGlobalSection
EndGlobal
